version = 1
revision = 3
requires-python = ">=3.12"

[[package]]
name = "assignment2"
version = "0.1.0"
source = { virtual = "." }
dependencies = [
    { name = "penguinlp" },
]

[package.metadata]
requires-dist = [{ name = "penguinlp", editable = "../penguinlp" }]

[[package]]
name = "penguinlp"
version = "0.1.0"
source = { editable = "../penguinlp" }
